
Microsoft Visual Studio Solution File, Format Version 12.00
# Visual Studio 2013
VisualStudioVersion = 12.0.30501.0
MinimumVisualStudioVersion = 10.0.40219.1
Project("{FAE04EC0-301F-11D3-BF4B-00C04F79EFBC}") = "Fake", "Fake.csproj", "{5B7BE119-5581-452A-8A4B-77AAA9FD55C4}"
EndProject
Project("{2150E333-8FDC-42A3-9474-1A3956D46DE8}") = ".nuget", ".nuget", "{C78C2832-2511-4C02-BF64-5203448AF8CC}"
	ProjectSection(SolutionItems) = preProject
		.nuget\NuGet.Config = .nuget\NuGet.Config
		.nuget\NuGet.exe = .nuget\NuGet.exe
		.nuget\NuGet.targets = .nuget\NuGet.targets
	EndProjectSection
EndProject
Project("{2150E333-8FDC-42A3-9474-1A3956D46DE8}") = ".solution", ".solution", "{A7B88D26-6FAC-42D0-B23C-F521623586FE}"
	ProjectSection(SolutionItems) = preProject
		.gitattributes = .gitattributes
		.gitignore = .gitignore
	EndProjectSection
EndProject
Global
	GlobalSection(SolutionConfigurationPlatforms) = preSolution
		Debug|Any CPU = Debug|Any CPU
		Release|Any CPU = Release|Any CPU
	EndGlobalSection
	GlobalSection(ProjectConfigurationPlatforms) = postSolution
		{5B7BE119-5581-452A-8A4B-77AAA9FD55C4}.Debug|Any CPU.ActiveCfg = Debug|Any CPU
		{5B7BE119-5581-452A-8A4B-77AAA9FD55C4}.Debug|Any CPU.Build.0 = Debug|Any CPU
		{5B7BE119-5581-452A-8A4B-77AAA9FD55C4}.Release|Any CPU.ActiveCfg = Release|Any CPU
		{5B7BE119-5581-452A-8A4B-77AAA9FD55C4}.Release|Any CPU.Build.0 = Release|Any CPU
	EndGlobalSection
	GlobalSection(SolutionProperties) = preSolution
		HideSolutionNode = FALSE
	EndGlobalSection
EndGlobal
